// !$*UTF8*$!
{
	archiveVersion = 1;
	classes = {
	};
	objectVersion = 46;
	objects = {

/* Begin PBXBuildFile section */
		6402F3F223767C280044835F /* AuthRemoteApi.swift in Sources */ = {isa = PBXBuildFile; fileRef = 6402F3F123767C280044835F /* AuthRemoteApi.swift */; };
		6402F3F7237682960044835F /* HSError.swift in Sources */ = {isa = PBXBuildFile; fileRef = 6402F3F6237682960044835F /* HSError.swift */; };
		6402F3FA23768DA40044835F /* UserDataStore.swift in Sources */ = {isa = PBXBuildFile; fileRef = 6402F3F923768DA40044835F /* UserDataStore.swift */; };
		6402F3FD237690D60044835F /* UserDefaultsDataStore.swift in Sources */ = {isa = PBXBuildFile; fileRef = 6402F3FC237690D60044835F /* UserDefaultsDataStore.swift */; };
		6402F4002376948E0044835F /* UserProfileCoding.swift in Sources */ = {isa = PBXBuildFile; fileRef = 6402F3FF2376948E0044835F /* UserProfileCoding.swift */; };
		6402F405237695260044835F /* UserProfilePropertyListCoder.swift in Sources */ = {isa = PBXBuildFile; fileRef = 6402F404237695260044835F /* UserProfilePropertyListCoder.swift */; };
		6402F4072376A3290044835F /* FirebaseUserSessionRepository.swift in Sources */ = {isa = PBXBuildFile; fileRef = 6402F4062376A3290044835F /* FirebaseUserSessionRepository.swift */; };
		6402F40A2376A5010044835F /* FirebaseAuthRemoteApi.swift in Sources */ = {isa = PBXBuildFile; fileRef = 6402F4092376A5010044835F /* FirebaseAuthRemoteApi.swift */; };
		6402F40D2376A9BC0044835F /* ServerDataManager.swift in Sources */ = {isa = PBXBuildFile; fileRef = 6402F40C2376A9BC0044835F /* ServerDataManager.swift */; };
		6402F4102377B8370044835F /* FireStoreDataManager.swift in Sources */ = {isa = PBXBuildFile; fileRef = 6402F40F2377B8370044835F /* FireStoreDataManager.swift */; };
		6402F4132377CDBD0044835F /* NewAccount.swift in Sources */ = {isa = PBXBuildFile; fileRef = 6402F4122377CDBD0044835F /* NewAccount.swift */; };
		6402F4152377FBCE0044835F /* Date+Extension.swift in Sources */ = {isa = PBXBuildFile; fileRef = 6402F4142377FBCE0044835F /* Date+Extension.swift */; };
		64073BD822488DCA00088E61 /* GoogleService-Info-dev.plist in Resources */ = {isa = PBXBuildFile; fileRef = 64073BD722488DCA00088E61 /* GoogleService-Info-dev.plist */; };
		64073BDA22488F0300088E61 /* GoogleService-Info.plist in Resources */ = {isa = PBXBuildFile; fileRef = 64073BD922488F0200088E61 /* GoogleService-Info.plist */; };
		64593997235AAAA600A99902 /* SignedInViewController.swift in Sources */ = {isa = PBXBuildFile; fileRef = 64593996235AAAA600A99902 /* SignedInViewController.swift */; };
		64593999235AAABE00A99902 /* OnboardingViewController.swift in Sources */ = {isa = PBXBuildFile; fileRef = 64593998235AAABD00A99902 /* OnboardingViewController.swift */; };
		6459399E235AAB5500A99902 /* NIblessViewController.swift in Sources */ = {isa = PBXBuildFile; fileRef = 6459399D235AAB5500A99902 /* NIblessViewController.swift */; };
		645939A0235AAB6900A99902 /* NiblessNavigationViewController.swift in Sources */ = {isa = PBXBuildFile; fileRef = 6459399F235AAB6900A99902 /* NiblessNavigationViewController.swift */; };
		645939A4235AACFB00A99902 /* MainView.swift in Sources */ = {isa = PBXBuildFile; fileRef = 645939A3235AACFB00A99902 /* MainView.swift */; };
		645939A6235AAD4C00A99902 /* MainViewModel.swift in Sources */ = {isa = PBXBuildFile; fileRef = 645939A5235AAD4C00A99902 /* MainViewModel.swift */; };
		645939AB235AAE5900A99902 /* UserProfile.swift in Sources */ = {isa = PBXBuildFile; fileRef = 645939AA235AAE5900A99902 /* UserProfile.swift */; };
		645939AF235AB01000A99902 /* NotSignedInResponder.swift in Sources */ = {isa = PBXBuildFile; fileRef = 645939AE235AB01000A99902 /* NotSignedInResponder.swift */; };
		645939B1235AB01C00A99902 /* SignedInResponder.swift in Sources */ = {isa = PBXBuildFile; fileRef = 645939B0235AB01C00A99902 /* SignedInResponder.swift */; };
		645939B3235AB73800A99902 /* UIViewControllerContaintment.swift in Sources */ = {isa = PBXBuildFile; fileRef = 645939B2235AB73800A99902 /* UIViewControllerContaintment.swift */; };
		645939B5235AB7A200A99902 /* UIViewController+ErrorPresentation.swift in Sources */ = {isa = PBXBuildFile; fileRef = 645939B4235AB7A200A99902 /* UIViewController+ErrorPresentation.swift */; };
		645939B8235AB7CF00A99902 /* ErrorMessage.swift in Sources */ = {isa = PBXBuildFile; fileRef = 645939B7235AB7CF00A99902 /* ErrorMessage.swift */; };
		645939BC235ABB2000A99902 /* ErrorPresentation.swift in Sources */ = {isa = PBXBuildFile; fileRef = 645939BB235ABB2000A99902 /* ErrorPresentation.swift */; };
		645939BE235ABBE400A99902 /* Optional+Extension.swift in Sources */ = {isa = PBXBuildFile; fileRef = 645939BD235ABBE400A99902 /* Optional+Extension.swift */; };
		645939C2235AC39D00A99902 /* Assets.xcassets in Resources */ = {isa = PBXBuildFile; fileRef = 645939C1235AC39D00A99902 /* Assets.xcassets */; };
		645939C4235AC51F00A99902 /* LaunchRootView.swift in Sources */ = {isa = PBXBuildFile; fileRef = 645939C3235AC51F00A99902 /* LaunchRootView.swift */; };
		645939C6235AC52F00A99902 /* LaunchRootView.xib in Resources */ = {isa = PBXBuildFile; fileRef = 645939C5235AC52F00A99902 /* LaunchRootView.xib */; };
		645939C9235AC5D500A99902 /* UserSessionRepository.swift in Sources */ = {isa = PBXBuildFile; fileRef = 645939C8235AC5D500A99902 /* UserSessionRepository.swift */; };
		646604AD2379897700122718 /* OnboardingViewModel.swift in Sources */ = {isa = PBXBuildFile; fileRef = 646604AC2379897700122718 /* OnboardingViewModel.swift */; };
		646604B023798ADD00122718 /* NavigationAction.swift in Sources */ = {isa = PBXBuildFile; fileRef = 646604AF23798ADD00122718 /* NavigationAction.swift */; };
		646604B223798B8E00122718 /* OnboardingView.swift in Sources */ = {isa = PBXBuildFile; fileRef = 646604B123798B8E00122718 /* OnboardingView.swift */; };
		646604B423798C9E00122718 /* GoToSignUpNavigator.swift in Sources */ = {isa = PBXBuildFile; fileRef = 646604B323798C9E00122718 /* GoToSignUpNavigator.swift */; };
		646604B623798E3F00122718 /* SignInRootView.swift in Sources */ = {isa = PBXBuildFile; fileRef = 646604B523798E3F00122718 /* SignInRootView.swift */; };
		646604B823798E6100122718 /* SignInRootView.xib in Resources */ = {isa = PBXBuildFile; fileRef = 646604B723798E6100122718 /* SignInRootView.xib */; };
		646604BC237995DB00122718 /* SignInViewController.swift in Sources */ = {isa = PBXBuildFile; fileRef = 646604BB237995DB00122718 /* SignInViewController.swift */; };
		646604BE237995ED00122718 /* SignUpViewController.swift in Sources */ = {isa = PBXBuildFile; fileRef = 646604BD237995ED00122718 /* SignUpViewController.swift */; };
		646604C023799FC600122718 /* OnboardingDependencyContainer.swift in Sources */ = {isa = PBXBuildFile; fileRef = 646604BF23799FC600122718 /* OnboardingDependencyContainer.swift */; };
		646604C42379A30500122718 /* SignInViewModel.swift in Sources */ = {isa = PBXBuildFile; fileRef = 646604C32379A30500122718 /* SignInViewModel.swift */; };
		646604C62379A31A00122718 /* SignUpViewModel.swift in Sources */ = {isa = PBXBuildFile; fileRef = 646604C52379A31A00122718 /* SignUpViewModel.swift */; };
		646604C82379A92300122718 /* UIView+Extension.swift in Sources */ = {isa = PBXBuildFile; fileRef = 646604C72379A92300122718 /* UIView+Extension.swift */; };
		6492C16F235AA4CE009BE621 /* Macros.swift in Sources */ = {isa = PBXBuildFile; fileRef = 6492C16E235AA4CE009BE621 /* Macros.swift */; };
		64A0C6B4235A98EC007BEFF1 /* AppDependencyContainer.swift in Sources */ = {isa = PBXBuildFile; fileRef = 64A0C6B3235A98EC007BEFF1 /* AppDependencyContainer.swift */; };
		64A0C6B6235A9903007BEFF1 /* MainViewController.swift in Sources */ = {isa = PBXBuildFile; fileRef = 64A0C6B5235A9903007BEFF1 /* MainViewController.swift */; };
		64A0C6B9235A9930007BEFF1 /* LaunchViewController.swift in Sources */ = {isa = PBXBuildFile; fileRef = 64A0C6B8235A9930007BEFF1 /* LaunchViewController.swift */; };
		64A210F7235AC7B600AF0502 /* LaunchViewModel.swift in Sources */ = {isa = PBXBuildFile; fileRef = 64A210F6235AC7B600AF0502 /* LaunchViewModel.swift */; };
		64A210F9235ACC9700AF0502 /* HasXib.swift in Sources */ = {isa = PBXBuildFile; fileRef = 64A210F8235ACC9700AF0502 /* HasXib.swift */; };
		64F44D53237D922E00A9DFB4 /* Colors.swift in Sources */ = {isa = PBXBuildFile; fileRef = 64F44D52237D922E00A9DFB4 /* Colors.swift */; };
		64F44D55237EF22C00A9DFB4 /* ProgressHUD.xib in Resources */ = {isa = PBXBuildFile; fileRef = 64F44D54237EF22C00A9DFB4 /* ProgressHUD.xib */; };
		64F44D57237EF24500A9DFB4 /* ProgressHUD.swift in Sources */ = {isa = PBXBuildFile; fileRef = 64F44D56237EF24500A9DFB4 /* ProgressHUD.swift */; };
		64F44D59237EF48900A9DFB4 /* ProgressHUDManager.swift in Sources */ = {isa = PBXBuildFile; fileRef = 64F44D58237EF48900A9DFB4 /* ProgressHUDManager.swift */; };
		AC86C458E4AD790CD3EFBD31 /* Pods_Project_For_Binod.framework in Frameworks */ = {isa = PBXBuildFile; fileRef = 2D6200AF526461384D3A7D11 /* Pods_Project_For_Binod.framework */; };
		ACA1EC561FF0B77100FA130D /* AppDelegate.swift in Sources */ = {isa = PBXBuildFile; fileRef = ACA1EC551FF0B77100FA130D /* AppDelegate.swift */; };
		ACA1EC631FF0B77100FA130D /* LaunchScreen.storyboard in Resources */ = {isa = PBXBuildFile; fileRef = ACA1EC611FF0B77100FA130D /* LaunchScreen.storyboard */; };
/* End PBXBuildFile section */

/* Begin PBXFileReference section */
		282C09F481F798770F27FD5F /* Pods-Project_For_Binod.release.xcconfig */ = {isa = PBXFileReference; includeInIndex = 1; lastKnownFileType = text.xcconfig; name = "Pods-Project_For_Binod.release.xcconfig"; path = "Pods/Target Support Files/Pods-Project_For_Binod/Pods-Project_For_Binod.release.xcconfig"; sourceTree = "<group>"; };
		28517AFF10DCCCB92A5871C3 /* Pods-Project_For_Binod.debug.xcconfig */ = {isa = PBXFileReference; includeInIndex = 1; lastKnownFileType = text.xcconfig; name = "Pods-Project_For_Binod.debug.xcconfig"; path = "Pods/Target Support Files/Pods-Project_For_Binod/Pods-Project_For_Binod.debug.xcconfig"; sourceTree = "<group>"; };
		2D6200AF526461384D3A7D11 /* Pods_Project_For_Binod.framework */ = {isa = PBXFileReference; explicitFileType = wrapper.framework; includeInIndex = 0; path = Pods_Project_For_Binod.framework; sourceTree = BUILT_PRODUCTS_DIR; };
		6402F3F123767C280044835F /* AuthRemoteApi.swift */ = {isa = PBXFileReference; lastKnownFileType = sourcecode.swift; path = AuthRemoteApi.swift; sourceTree = "<group>"; };
		6402F3F6237682960044835F /* HSError.swift */ = {isa = PBXFileReference; lastKnownFileType = sourcecode.swift; path = HSError.swift; sourceTree = "<group>"; };
		6402F3F923768DA40044835F /* UserDataStore.swift */ = {isa = PBXFileReference; lastKnownFileType = sourcecode.swift; path = UserDataStore.swift; sourceTree = "<group>"; };
		6402F3FC237690D60044835F /* UserDefaultsDataStore.swift */ = {isa = PBXFileReference; lastKnownFileType = sourcecode.swift; path = UserDefaultsDataStore.swift; sourceTree = "<group>"; };
		6402F3FF2376948E0044835F /* UserProfileCoding.swift */ = {isa = PBXFileReference; lastKnownFileType = sourcecode.swift; path = UserProfileCoding.swift; sourceTree = "<group>"; };
		6402F404237695260044835F /* UserProfilePropertyListCoder.swift */ = {isa = PBXFileReference; lastKnownFileType = sourcecode.swift; path = UserProfilePropertyListCoder.swift; sourceTree = "<group>"; };
		6402F4062376A3290044835F /* FirebaseUserSessionRepository.swift */ = {isa = PBXFileReference; lastKnownFileType = sourcecode.swift; path = FirebaseUserSessionRepository.swift; sourceTree = "<group>"; };
		6402F4092376A5010044835F /* FirebaseAuthRemoteApi.swift */ = {isa = PBXFileReference; lastKnownFileType = sourcecode.swift; path = FirebaseAuthRemoteApi.swift; sourceTree = "<group>"; };
		6402F40C2376A9BC0044835F /* ServerDataManager.swift */ = {isa = PBXFileReference; lastKnownFileType = sourcecode.swift; path = ServerDataManager.swift; sourceTree = "<group>"; };
		6402F40F2377B8370044835F /* FireStoreDataManager.swift */ = {isa = PBXFileReference; lastKnownFileType = sourcecode.swift; path = FireStoreDataManager.swift; sourceTree = "<group>"; };
		6402F4122377CDBD0044835F /* NewAccount.swift */ = {isa = PBXFileReference; lastKnownFileType = sourcecode.swift; path = NewAccount.swift; sourceTree = "<group>"; };
		6402F4142377FBCE0044835F /* Date+Extension.swift */ = {isa = PBXFileReference; lastKnownFileType = sourcecode.swift; path = "Date+Extension.swift"; sourceTree = "<group>"; };
		64073BD722488DCA00088E61 /* GoogleService-Info-dev.plist */ = {isa = PBXFileReference; fileEncoding = 4; lastKnownFileType = text.plist.xml; path = "GoogleService-Info-dev.plist"; sourceTree = "<group>"; };
		64073BD922488F0200088E61 /* GoogleService-Info.plist */ = {isa = PBXFileReference; fileEncoding = 4; lastKnownFileType = text.plist.xml; path = "GoogleService-Info.plist"; sourceTree = "<group>"; };
		64593996235AAAA600A99902 /* SignedInViewController.swift */ = {isa = PBXFileReference; lastKnownFileType = sourcecode.swift; path = SignedInViewController.swift; sourceTree = "<group>"; };
		64593998235AAABD00A99902 /* OnboardingViewController.swift */ = {isa = PBXFileReference; lastKnownFileType = sourcecode.swift; path = OnboardingViewController.swift; sourceTree = "<group>"; };
		6459399D235AAB5500A99902 /* NIblessViewController.swift */ = {isa = PBXFileReference; lastKnownFileType = sourcecode.swift; path = NIblessViewController.swift; sourceTree = "<group>"; };
		6459399F235AAB6900A99902 /* NiblessNavigationViewController.swift */ = {isa = PBXFileReference; lastKnownFileType = sourcecode.swift; path = NiblessNavigationViewController.swift; sourceTree = "<group>"; };
		645939A3235AACFB00A99902 /* MainView.swift */ = {isa = PBXFileReference; lastKnownFileType = sourcecode.swift; path = MainView.swift; sourceTree = "<group>"; };
		645939A5235AAD4C00A99902 /* MainViewModel.swift */ = {isa = PBXFileReference; lastKnownFileType = sourcecode.swift; path = MainViewModel.swift; sourceTree = "<group>"; };
		645939AA235AAE5900A99902 /* UserProfile.swift */ = {isa = PBXFileReference; lastKnownFileType = sourcecode.swift; path = UserProfile.swift; sourceTree = "<group>"; };
		645939AE235AB01000A99902 /* NotSignedInResponder.swift */ = {isa = PBXFileReference; lastKnownFileType = sourcecode.swift; path = NotSignedInResponder.swift; sourceTree = "<group>"; };
		645939B0235AB01C00A99902 /* SignedInResponder.swift */ = {isa = PBXFileReference; lastKnownFileType = sourcecode.swift; path = SignedInResponder.swift; sourceTree = "<group>"; };
		645939B2235AB73800A99902 /* UIViewControllerContaintment.swift */ = {isa = PBXFileReference; lastKnownFileType = sourcecode.swift; path = UIViewControllerContaintment.swift; sourceTree = "<group>"; };
		645939B4235AB7A200A99902 /* UIViewController+ErrorPresentation.swift */ = {isa = PBXFileReference; lastKnownFileType = sourcecode.swift; path = "UIViewController+ErrorPresentation.swift"; sourceTree = "<group>"; };
		645939B7235AB7CF00A99902 /* ErrorMessage.swift */ = {isa = PBXFileReference; lastKnownFileType = sourcecode.swift; path = ErrorMessage.swift; sourceTree = "<group>"; };
		645939BB235ABB2000A99902 /* ErrorPresentation.swift */ = {isa = PBXFileReference; lastKnownFileType = sourcecode.swift; path = ErrorPresentation.swift; sourceTree = "<group>"; };
		645939BD235ABBE400A99902 /* Optional+Extension.swift */ = {isa = PBXFileReference; lastKnownFileType = sourcecode.swift; path = "Optional+Extension.swift"; sourceTree = "<group>"; };
		645939C1235AC39D00A99902 /* Assets.xcassets */ = {isa = PBXFileReference; lastKnownFileType = folder.assetcatalog; path = Assets.xcassets; sourceTree = "<group>"; };
		645939C3235AC51F00A99902 /* LaunchRootView.swift */ = {isa = PBXFileReference; lastKnownFileType = sourcecode.swift; path = LaunchRootView.swift; sourceTree = "<group>"; };
		645939C5235AC52F00A99902 /* LaunchRootView.xib */ = {isa = PBXFileReference; lastKnownFileType = file.xib; path = LaunchRootView.xib; sourceTree = "<group>"; };
		645939C8235AC5D500A99902 /* UserSessionRepository.swift */ = {isa = PBXFileReference; lastKnownFileType = sourcecode.swift; path = UserSessionRepository.swift; sourceTree = "<group>"; };
		646604AC2379897700122718 /* OnboardingViewModel.swift */ = {isa = PBXFileReference; lastKnownFileType = sourcecode.swift; path = OnboardingViewModel.swift; sourceTree = "<group>"; };
		646604AF23798ADD00122718 /* NavigationAction.swift */ = {isa = PBXFileReference; lastKnownFileType = sourcecode.swift; path = NavigationAction.swift; sourceTree = "<group>"; };
		646604B123798B8E00122718 /* OnboardingView.swift */ = {isa = PBXFileReference; lastKnownFileType = sourcecode.swift; path = OnboardingView.swift; sourceTree = "<group>"; };
		646604B323798C9E00122718 /* GoToSignUpNavigator.swift */ = {isa = PBXFileReference; lastKnownFileType = sourcecode.swift; path = GoToSignUpNavigator.swift; sourceTree = "<group>"; };
		646604B523798E3F00122718 /* SignInRootView.swift */ = {isa = PBXFileReference; lastKnownFileType = sourcecode.swift; path = SignInRootView.swift; sourceTree = "<group>"; };
		646604B723798E6100122718 /* SignInRootView.xib */ = {isa = PBXFileReference; lastKnownFileType = file.xib; path = SignInRootView.xib; sourceTree = "<group>"; };
		646604BB237995DB00122718 /* SignInViewController.swift */ = {isa = PBXFileReference; lastKnownFileType = sourcecode.swift; path = SignInViewController.swift; sourceTree = "<group>"; };
		646604BD237995ED00122718 /* SignUpViewController.swift */ = {isa = PBXFileReference; lastKnownFileType = sourcecode.swift; path = SignUpViewController.swift; sourceTree = "<group>"; };
		646604BF23799FC600122718 /* OnboardingDependencyContainer.swift */ = {isa = PBXFileReference; lastKnownFileType = sourcecode.swift; path = OnboardingDependencyContainer.swift; sourceTree = "<group>"; };
		646604C32379A30500122718 /* SignInViewModel.swift */ = {isa = PBXFileReference; lastKnownFileType = sourcecode.swift; path = SignInViewModel.swift; sourceTree = "<group>"; };
		646604C52379A31A00122718 /* SignUpViewModel.swift */ = {isa = PBXFileReference; lastKnownFileType = sourcecode.swift; path = SignUpViewModel.swift; sourceTree = "<group>"; };
		646604C72379A92300122718 /* UIView+Extension.swift */ = {isa = PBXFileReference; lastKnownFileType = sourcecode.swift; path = "UIView+Extension.swift"; sourceTree = "<group>"; };
		6492C16E235AA4CE009BE621 /* Macros.swift */ = {isa = PBXFileReference; lastKnownFileType = sourcecode.swift; path = Macros.swift; sourceTree = "<group>"; };
		64A0C6B3235A98EC007BEFF1 /* AppDependencyContainer.swift */ = {isa = PBXFileReference; lastKnownFileType = sourcecode.swift; path = AppDependencyContainer.swift; sourceTree = "<group>"; };
		64A0C6B5235A9903007BEFF1 /* MainViewController.swift */ = {isa = PBXFileReference; lastKnownFileType = sourcecode.swift; path = MainViewController.swift; sourceTree = "<group>"; };
		64A0C6B8235A9930007BEFF1 /* LaunchViewController.swift */ = {isa = PBXFileReference; lastKnownFileType = sourcecode.swift; path = LaunchViewController.swift; sourceTree = "<group>"; };
		64A210F6235AC7B600AF0502 /* LaunchViewModel.swift */ = {isa = PBXFileReference; lastKnownFileType = sourcecode.swift; path = LaunchViewModel.swift; sourceTree = "<group>"; };
		64A210F8235ACC9700AF0502 /* HasXib.swift */ = {isa = PBXFileReference; lastKnownFileType = sourcecode.swift; path = HasXib.swift; sourceTree = "<group>"; };
		64F44D52237D922E00A9DFB4 /* Colors.swift */ = {isa = PBXFileReference; lastKnownFileType = sourcecode.swift; path = Colors.swift; sourceTree = "<group>"; };
		64F44D54237EF22C00A9DFB4 /* ProgressHUD.xib */ = {isa = PBXFileReference; lastKnownFileType = file.xib; path = ProgressHUD.xib; sourceTree = "<group>"; };
		64F44D56237EF24500A9DFB4 /* ProgressHUD.swift */ = {isa = PBXFileReference; lastKnownFileType = sourcecode.swift; path = ProgressHUD.swift; sourceTree = "<group>"; };
		64F44D58237EF48900A9DFB4 /* ProgressHUDManager.swift */ = {isa = PBXFileReference; lastKnownFileType = sourcecode.swift; path = ProgressHUDManager.swift; sourceTree = "<group>"; };
		ACA1EC521FF0B77100FA130D /* HamroSahakarya_dev.app */ = {isa = PBXFileReference; explicitFileType = wrapper.application; includeInIndex = 0; path = HamroSahakarya_dev.app; sourceTree = BUILT_PRODUCTS_DIR; };
		ACA1EC551FF0B77100FA130D /* AppDelegate.swift */ = {isa = PBXFileReference; lastKnownFileType = sourcecode.swift; path = AppDelegate.swift; sourceTree = "<group>"; };
		ACA1EC621FF0B77100FA130D /* Base */ = {isa = PBXFileReference; lastKnownFileType = file.storyboard; name = Base; path = Base.lproj/LaunchScreen.storyboard; sourceTree = "<group>"; };
		ACA1EC641FF0B77100FA130D /* Info.plist */ = {isa = PBXFileReference; lastKnownFileType = text.plist.xml; path = Info.plist; sourceTree = "<group>"; };
/* End PBXFileReference section */

/* Begin PBXFrameworksBuildPhase section */
		ACA1EC4F1FF0B77100FA130D /* Frameworks */ = {
			isa = PBXFrameworksBuildPhase;
			buildActionMask = 2147483647;
			files = (
				AC86C458E4AD790CD3EFBD31 /* Pods_Project_For_Binod.framework in Frameworks */,
			);
			runOnlyForDeploymentPostprocessing = 0;
		};
/* End PBXFrameworksBuildPhase section */

/* Begin PBXGroup section */
		2CD92483257A4B41C8F6F191 /* Frameworks */ = {
			isa = PBXGroup;
			children = (
				2D6200AF526461384D3A7D11 /* Pods_Project_For_Binod.framework */,
			);
			name = Frameworks;
			sourceTree = "<group>";
		};
		6402F3F023767BC40044835F /* Remote */ = {
			isa = PBXGroup;
			children = (
				6402F4082376A4F00044835F /* Implementation */,
				6402F3F123767C280044835F /* AuthRemoteApi.swift */,
			);
			name = Remote;
			sourceTree = "<group>";
		};
		6402F3F323767CA20044835F /* Model */ = {
			isa = PBXGroup;
			children = (
				6402F4122377CDBD0044835F /* NewAccount.swift */,
			);
			name = Model;
			sourceTree = "<group>";
		};
		6402F3F823768B1E0044835F /* Persistance */ = {
			isa = PBXGroup;
			children = (
				6402F3FB237690320044835F /* Implementation */,
				6402F3F923768DA40044835F /* UserDataStore.swift */,
			);
			name = Persistance;
			sourceTree = "<group>";
		};
		6402F3FB237690320044835F /* Implementation */ = {
			isa = PBXGroup;
			children = (
				6402F3FC237690D60044835F /* UserDefaultsDataStore.swift */,
			);
			name = Implementation;
			sourceTree = "<group>";
		};
		6402F3FE2376947B0044835F /* Coding */ = {
			isa = PBXGroup;
			children = (
				6402F401237694D40044835F /* Implementation */,
				6402F3FF2376948E0044835F /* UserProfileCoding.swift */,
			);
			name = Coding;
			sourceTree = "<group>";
		};
		6402F401237694D40044835F /* Implementation */ = {
			isa = PBXGroup;
			children = (
				6402F404237695260044835F /* UserProfilePropertyListCoder.swift */,
			);
			name = Implementation;
			sourceTree = "<group>";
		};
		6402F4082376A4F00044835F /* Implementation */ = {
			isa = PBXGroup;
			children = (
				6402F4092376A5010044835F /* FirebaseAuthRemoteApi.swift */,
			);
			name = Implementation;
			sourceTree = "<group>";
		};
		6402F40B2376A9720044835F /* ServerDataManager */ = {
			isa = PBXGroup;
			children = (
				6402F40E2377B7FA0044835F /* Implementation */,
				6402F40C2376A9BC0044835F /* ServerDataManager.swift */,
			);
			name = ServerDataManager;
			sourceTree = "<group>";
		};
		6402F40E2377B7FA0044835F /* Implementation */ = {
			isa = PBXGroup;
			children = (
				6402F40F2377B8370044835F /* FireStoreDataManager.swift */,
			);
			name = Implementation;
			sourceTree = "<group>";
		};
		64593994235AAA6600A99902 /* OnboardingView */ = {
			isa = PBXGroup;
			children = (
				646604BF23799FC600122718 /* OnboardingDependencyContainer.swift */,
				64593998235AAABD00A99902 /* OnboardingViewController.swift */,
				646604B92379954C00122718 /* SignInView */,
				646604BA237995B600122718 /* SignUpView */,
			);
			name = OnboardingView;
			sourceTree = "<group>";
		};
		64593995235AAA7A00A99902 /* SignedInView */ = {
			isa = PBXGroup;
			children = (
				64593996235AAAA600A99902 /* SignedInViewController.swift */,
			);
			name = SignedInView;
			sourceTree = "<group>";
		};
		6459399A235AAAF600A99902 /* Reuseable */ = {
			isa = PBXGroup;
			children = (
				64F44D5A237EF93700A9DFB4 /* ProgressHUD */,
				6459399B235AAB0800A99902 /* UiKit */,
				645939B2235AB73800A99902 /* UIViewControllerContaintment.swift */,
				645939B4235AB7A200A99902 /* UIViewController+ErrorPresentation.swift */,
			);
			name = Reuseable;
			sourceTree = "<group>";
		};
		6459399B235AAB0800A99902 /* UiKit */ = {
			isa = PBXGroup;
			children = (
				6459399C235AAB1600A99902 /* NiblessComponenet */,
			);
			name = UiKit;
			sourceTree = "<group>";
		};
		6459399C235AAB1600A99902 /* NiblessComponenet */ = {
			isa = PBXGroup;
			children = (
				6459399D235AAB5500A99902 /* NIblessViewController.swift */,
				6459399F235AAB6900A99902 /* NiblessNavigationViewController.swift */,
			);
			name = NiblessComponenet;
			sourceTree = "<group>";
		};
		645939A1235AACD400A99902 /* UILayer */ = {
			isa = PBXGroup;
			children = (
				646604AE23798ABA00122718 /* Reuseable */,
				646604AB2379895700122718 /* OnboardingView */,
				64A210F5235AC79E00AF0502 /* LaunchView */,
				645939A2235AACE000A99902 /* MainView */,
			);
			name = UILayer;
			sourceTree = "<group>";
		};
		645939A2235AACE000A99902 /* MainView */ = {
			isa = PBXGroup;
			children = (
				645939A3235AACFB00A99902 /* MainView.swift */,
				645939A5235AAD4C00A99902 /* MainViewModel.swift */,
				645939AE235AB01000A99902 /* NotSignedInResponder.swift */,
				645939B0235AB01C00A99902 /* SignedInResponder.swift */,
			);
			name = MainView;
			sourceTree = "<group>";
		};
		645939A7235AAE1200A99902 /* DataLayer */ = {
			isa = PBXGroup;
			children = (
				6402F3F323767CA20044835F /* Model */,
				645939C7235AC5BD00A99902 /* Repositories */,
				645939B6235AB7C200A99902 /* Error */,
				645939A9235AAE4E00A99902 /* User */,
			);
			name = DataLayer;
			sourceTree = "<group>";
		};
		645939A9235AAE4E00A99902 /* User */ = {
			isa = PBXGroup;
			children = (
				645939AA235AAE5900A99902 /* UserProfile.swift */,
			);
			name = User;
			sourceTree = "<group>";
		};
		645939B6235AB7C200A99902 /* Error */ = {
			isa = PBXGroup;
			children = (
				645939B7235AB7CF00A99902 /* ErrorMessage.swift */,
				645939BB235ABB2000A99902 /* ErrorPresentation.swift */,
				6402F3F6237682960044835F /* HSError.swift */,
			);
			name = Error;
			sourceTree = "<group>";
		};
		645939C7235AC5BD00A99902 /* Repositories */ = {
			isa = PBXGroup;
			children = (
				6402F40B2376A9720044835F /* ServerDataManager */,
				6402F3FE2376947B0044835F /* Coding */,
				6402F3F823768B1E0044835F /* Persistance */,
				6402F3F023767BC40044835F /* Remote */,
				645939C8235AC5D500A99902 /* UserSessionRepository.swift */,
				6402F4062376A3290044835F /* FirebaseUserSessionRepository.swift */,
			);
			name = Repositories;
			sourceTree = "<group>";
		};
		646604AB2379895700122718 /* OnboardingView */ = {
			isa = PBXGroup;
			children = (
				646604C22379A2EB00122718 /* SignUpView */,
				646604C12379A2D500122718 /* SignInView */,
				646604AC2379897700122718 /* OnboardingViewModel.swift */,
				646604B123798B8E00122718 /* OnboardingView.swift */,
				646604B323798C9E00122718 /* GoToSignUpNavigator.swift */,
			);
			name = OnboardingView;
			sourceTree = "<group>";
		};
		646604AE23798ABA00122718 /* Reuseable */ = {
			isa = PBXGroup;
			children = (
				646604AF23798ADD00122718 /* NavigationAction.swift */,
			);
			name = Reuseable;
			sourceTree = "<group>";
		};
		646604B92379954C00122718 /* SignInView */ = {
			isa = PBXGroup;
			children = (
				646604B523798E3F00122718 /* SignInRootView.swift */,
				646604B723798E6100122718 /* SignInRootView.xib */,
				646604BB237995DB00122718 /* SignInViewController.swift */,
			);
			name = SignInView;
			sourceTree = "<group>";
		};
		646604BA237995B600122718 /* SignUpView */ = {
			isa = PBXGroup;
			children = (
				646604BD237995ED00122718 /* SignUpViewController.swift */,
			);
			name = SignUpView;
			sourceTree = "<group>";
		};
		646604C12379A2D500122718 /* SignInView */ = {
			isa = PBXGroup;
			children = (
				646604C32379A30500122718 /* SignInViewModel.swift */,
			);
			name = SignInView;
			sourceTree = "<group>";
		};
		646604C22379A2EB00122718 /* SignUpView */ = {
			isa = PBXGroup;
			children = (
				646604C52379A31A00122718 /* SignUpViewModel.swift */,
			);
			name = SignUpView;
			sourceTree = "<group>";
		};
		6492C16D235AA48C009BE621 /* Extension */ = {
			isa = PBXGroup;
			children = (
				6492C16E235AA4CE009BE621 /* Macros.swift */,
				645939BD235ABBE400A99902 /* Optional+Extension.swift */,
				64A210F8235ACC9700AF0502 /* HasXib.swift */,
				6402F4142377FBCE0044835F /* Date+Extension.swift */,
				646604C72379A92300122718 /* UIView+Extension.swift */,
				64F44D52237D922E00A9DFB4 /* Colors.swift */,
			);
			name = Extension;
			sourceTree = "<group>";
		};
		64A0C6AC235A9790007BEFF1 /* Version 3 */ = {
			isa = PBXGroup;
			children = (
				645939C1235AC39D00A99902 /* Assets.xcassets */,
				6492C16D235AA48C009BE621 /* Extension */,
				64A0C6B0235A9831007BEFF1 /* HSiOS */,
				64A0C6B1235A9845007BEFF1 /* HSUIKit */,
				64A0C6B2235A985D007BEFF1 /* HSKit */,
			);
			name = "Version 3";
			sourceTree = "<group>";
		};
		64A0C6B0235A9831007BEFF1 /* HSiOS */ = {
			isa = PBXGroup;
			children = (
				64A0C6B3235A98EC007BEFF1 /* AppDependencyContainer.swift */,
				64A0C6B5235A9903007BEFF1 /* MainViewController.swift */,
				64A0C6B7235A9919007BEFF1 /* LaunchIViewController */,
				64593994235AAA6600A99902 /* OnboardingView */,
				64593995235AAA7A00A99902 /* SignedInView */,
			);
			name = HSiOS;
			sourceTree = "<group>";
		};
		64A0C6B1235A9845007BEFF1 /* HSUIKit */ = {
			isa = PBXGroup;
			children = (
				6459399A235AAAF600A99902 /* Reuseable */,
			);
			name = HSUIKit;
			sourceTree = "<group>";
		};
		64A0C6B2235A985D007BEFF1 /* HSKit */ = {
			isa = PBXGroup;
			children = (
				645939A7235AAE1200A99902 /* DataLayer */,
				645939A1235AACD400A99902 /* UILayer */,
			);
			name = HSKit;
			sourceTree = "<group>";
		};
		64A0C6B7235A9919007BEFF1 /* LaunchIViewController */ = {
			isa = PBXGroup;
			children = (
				64A0C6B8235A9930007BEFF1 /* LaunchViewController.swift */,
				645939C3235AC51F00A99902 /* LaunchRootView.swift */,
				645939C5235AC52F00A99902 /* LaunchRootView.xib */,
			);
			name = LaunchIViewController;
			sourceTree = "<group>";
		};
		64A210F5235AC79E00AF0502 /* LaunchView */ = {
			isa = PBXGroup;
			children = (
				64A210F6235AC7B600AF0502 /* LaunchViewModel.swift */,
			);
			name = LaunchView;
			sourceTree = "<group>";
		};
		64F44D5A237EF93700A9DFB4 /* ProgressHUD */ = {
			isa = PBXGroup;
			children = (
				64F44D54237EF22C00A9DFB4 /* ProgressHUD.xib */,
				64F44D56237EF24500A9DFB4 /* ProgressHUD.swift */,
				64F44D58237EF48900A9DFB4 /* ProgressHUDManager.swift */,
			);
			name = ProgressHUD;
			sourceTree = "<group>";
		};
		ACA1EC491FF0B77000FA130D = {
			isa = PBXGroup;
			children = (
				ACA1EC541FF0B77100FA130D /* Project_For_Binod */,
				ACA1EC531FF0B77100FA130D /* Products */,
				D1730E5E2478296E0A9D5B07 /* Pods */,
				2CD92483257A4B41C8F6F191 /* Frameworks */,
			);
			sourceTree = "<group>";
		};
		ACA1EC531FF0B77100FA130D /* Products */ = {
			isa = PBXGroup;
			children = (
				ACA1EC521FF0B77100FA130D /* HamroSahakarya_dev.app */,
			);
			name = Products;
			sourceTree = "<group>";
		};
		ACA1EC541FF0B77100FA130D /* Project_For_Binod */ = {
			isa = PBXGroup;
			children = (
				64A0C6AC235A9790007BEFF1 /* Version 3 */,
				64073BD922488F0200088E61 /* GoogleService-Info.plist */,
				64073BD722488DCA00088E61 /* GoogleService-Info-dev.plist */,
				ACA1EC551FF0B77100FA130D /* AppDelegate.swift */,
				ACA1EC611FF0B77100FA130D /* LaunchScreen.storyboard */,
				ACA1EC641FF0B77100FA130D /* Info.plist */,
			);
			path = Project_For_Binod;
			sourceTree = "<group>";
		};
		D1730E5E2478296E0A9D5B07 /* Pods */ = {
			isa = PBXGroup;
			children = (
				28517AFF10DCCCB92A5871C3 /* Pods-Project_For_Binod.debug.xcconfig */,
				282C09F481F798770F27FD5F /* Pods-Project_For_Binod.release.xcconfig */,
			);
			name = Pods;
			sourceTree = "<group>";
		};
/* End PBXGroup section */

/* Begin PBXNativeTarget section */
		ACA1EC511FF0B77100FA130D /* Project_For_Binod */ = {
			isa = PBXNativeTarget;
			buildConfigurationList = ACA1EC671FF0B77100FA130D /* Build configuration list for PBXNativeTarget "Project_For_Binod" */;
			buildPhases = (
				BBAFEAABCB0809D312CE1000 /* [CP] Check Pods Manifest.lock */,
				ACA1EC4E1FF0B77100FA130D /* Sources */,
				ACA1EC4F1FF0B77100FA130D /* Frameworks */,
				ACA1EC501FF0B77100FA130D /* Resources */,
				44E3CA49B90688947E5EB005 /* [CP] Embed Pods Frameworks */,
			);
			buildRules = (
			);
			dependencies = (
			);
			name = Project_For_Binod;
			productName = Project_For_Binod;
			productReference = ACA1EC521FF0B77100FA130D /* HamroSahakarya_dev.app */;
			productType = "com.apple.product-type.application";
		};
/* End PBXNativeTarget section */

/* Begin PBXProject section */
		ACA1EC4A1FF0B77000FA130D /* Project object */ = {
			isa = PBXProject;
			attributes = {
				LastSwiftUpdateCheck = 0830;
				LastUpgradeCheck = 1100;
				ORGANIZATIONNAME = JEC;
				TargetAttributes = {
					ACA1EC511FF0B77100FA130D = {
						CreatedOnToolsVersion = 8.3;
						DevelopmentTeam = 2QZXZME53M;
						LastSwiftMigration = 1100;
						ProvisioningStyle = Automatic;
					};
				};
			};
			buildConfigurationList = ACA1EC4D1FF0B77000FA130D /* Build configuration list for PBXProject "Project_For_Binod" */;
			compatibilityVersion = "Xcode 3.2";
			developmentRegion = en;
			hasScannedForEncodings = 0;
			knownRegions = (
				en,
				Base,
			);
			mainGroup = ACA1EC491FF0B77000FA130D;
			productRefGroup = ACA1EC531FF0B77100FA130D /* Products */;
			projectDirPath = "";
			projectRoot = "";
			targets = (
				ACA1EC511FF0B77100FA130D /* Project_For_Binod */,
			);
		};
/* End PBXProject section */

/* Begin PBXResourcesBuildPhase section */
		ACA1EC501FF0B77100FA130D /* Resources */ = {
			isa = PBXResourcesBuildPhase;
			buildActionMask = 2147483647;
			files = (
				64F44D55237EF22C00A9DFB4 /* ProgressHUD.xib in Resources */,
				ACA1EC631FF0B77100FA130D /* LaunchScreen.storyboard in Resources */,
				64073BD822488DCA00088E61 /* GoogleService-Info-dev.plist in Resources */,
				645939C2235AC39D00A99902 /* Assets.xcassets in Resources */,
				646604B823798E6100122718 /* SignInRootView.xib in Resources */,
				645939C6235AC52F00A99902 /* LaunchRootView.xib in Resources */,
				64073BDA22488F0300088E61 /* GoogleService-Info.plist in Resources */,
			);
			runOnlyForDeploymentPostprocessing = 0;
		};
/* End PBXResourcesBuildPhase section */

/* Begin PBXShellScriptBuildPhase section */
		44E3CA49B90688947E5EB005 /* [CP] Embed Pods Frameworks */ = {
			isa = PBXShellScriptBuildPhase;
			buildActionMask = 2147483647;
			files = (
			);
			inputPaths = (
				"${PODS_ROOT}/Target Support Files/Pods-Project_For_Binod/Pods-Project_For_Binod-frameworks.sh",
				"${BUILT_PRODUCTS_DIR}/BoringSSL-GRPC/openssl_grpc.framework",
				"${BUILT_PRODUCTS_DIR}/CodableFirebase/CodableFirebase.framework",
				"${BUILT_PRODUCTS_DIR}/GTMSessionFetcher/GTMSessionFetcher.framework",
				"${BUILT_PRODUCTS_DIR}/GoogleUtilities/GoogleUtilities.framework",
				"${BUILT_PRODUCTS_DIR}/Nuke/Nuke.framework",
				"${BUILT_PRODUCTS_DIR}/PromiseKit/PromiseKit.framework",
				"${BUILT_PRODUCTS_DIR}/Protobuf/protobuf.framework",
				"${BUILT_PRODUCTS_DIR}/RxCocoa/RxCocoa.framework",
				"${BUILT_PRODUCTS_DIR}/RxRelay/RxRelay.framework",
				"${BUILT_PRODUCTS_DIR}/RxSwift/RxSwift.framework",
				"${BUILT_PRODUCTS_DIR}/gRPC-C++/grpcpp.framework",
				"${BUILT_PRODUCTS_DIR}/gRPC-Core/grpc.framework",
				"${BUILT_PRODUCTS_DIR}/leveldb-library/leveldb.framework",
				"${BUILT_PRODUCTS_DIR}/nanopb/nanopb.framework",
			);
			name = "[CP] Embed Pods Frameworks";
			outputPaths = (
				"${TARGET_BUILD_DIR}/${FRAMEWORKS_FOLDER_PATH}/openssl_grpc.framework",
				"${TARGET_BUILD_DIR}/${FRAMEWORKS_FOLDER_PATH}/CodableFirebase.framework",
				"${TARGET_BUILD_DIR}/${FRAMEWORKS_FOLDER_PATH}/GTMSessionFetcher.framework",
				"${TARGET_BUILD_DIR}/${FRAMEWORKS_FOLDER_PATH}/GoogleUtilities.framework",
				"${TARGET_BUILD_DIR}/${FRAMEWORKS_FOLDER_PATH}/Nuke.framework",
				"${TARGET_BUILD_DIR}/${FRAMEWORKS_FOLDER_PATH}/PromiseKit.framework",
				"${TARGET_BUILD_DIR}/${FRAMEWORKS_FOLDER_PATH}/protobuf.framework",
				"${TARGET_BUILD_DIR}/${FRAMEWORKS_FOLDER_PATH}/RxCocoa.framework",
				"${TARGET_BUILD_DIR}/${FRAMEWORKS_FOLDER_PATH}/RxRelay.framework",
				"${TARGET_BUILD_DIR}/${FRAMEWORKS_FOLDER_PATH}/RxSwift.framework",
				"${TARGET_BUILD_DIR}/${FRAMEWORKS_FOLDER_PATH}/grpcpp.framework",
				"${TARGET_BUILD_DIR}/${FRAMEWORKS_FOLDER_PATH}/grpc.framework",
				"${TARGET_BUILD_DIR}/${FRAMEWORKS_FOLDER_PATH}/leveldb.framework",
				"${TARGET_BUILD_DIR}/${FRAMEWORKS_FOLDER_PATH}/nanopb.framework",
			);
			runOnlyForDeploymentPostprocessing = 0;
			shellPath = /bin/sh;
			shellScript = "\"${PODS_ROOT}/Target Support Files/Pods-Project_For_Binod/Pods-Project_For_Binod-frameworks.sh\"\n";
			showEnvVarsInLog = 0;
		};
		BBAFEAABCB0809D312CE1000 /* [CP] Check Pods Manifest.lock */ = {
			isa = PBXShellScriptBuildPhase;
			buildActionMask = 2147483647;
			files = (
			);
			inputFileListPaths = (
			);
			inputPaths = (
				"${PODS_PODFILE_DIR_PATH}/Podfile.lock",
				"${PODS_ROOT}/Manifest.lock",
			);
			name = "[CP] Check Pods Manifest.lock";
			outputFileListPaths = (
			);
			outputPaths = (
				"$(DERIVED_FILE_DIR)/Pods-Project_For_Binod-checkManifestLockResult.txt",
			);
			runOnlyForDeploymentPostprocessing = 0;
			shellPath = /bin/sh;
			shellScript = "diff \"${PODS_PODFILE_DIR_PATH}/Podfile.lock\" \"${PODS_ROOT}/Manifest.lock\" > /dev/null\nif [ $? != 0 ] ; then\n    # print error to STDERR\n    echo \"error: The sandbox is not in sync with the Podfile.lock. Run 'pod install' or update your CocoaPods installation.\" >&2\n    exit 1\nfi\n# This output is used by Xcode 'outputs' to avoid re-running this script phase.\necho \"SUCCESS\" > \"${SCRIPT_OUTPUT_FILE_0}\"\n";
			showEnvVarsInLog = 0;
		};
/* End PBXShellScriptBuildPhase section */

/* Begin PBXSourcesBuildPhase section */
		ACA1EC4E1FF0B77100FA130D /* Sources */ = {
			isa = PBXSourcesBuildPhase;
			buildActionMask = 2147483647;
			files = (
				64A0C6B6235A9903007BEFF1 /* MainViewController.swift in Sources */,
				645939C4235AC51F00A99902 /* LaunchRootView.swift in Sources */,
				64F44D57237EF24500A9DFB4 /* ProgressHUD.swift in Sources */,
				6402F3FD237690D60044835F /* UserDefaultsDataStore.swift in Sources */,
				645939B8235AB7CF00A99902 /* ErrorMessage.swift in Sources */,
				6402F3F7237682960044835F /* HSError.swift in Sources */,
				64F44D59237EF48900A9DFB4 /* ProgressHUDManager.swift in Sources */,
				646604B623798E3F00122718 /* SignInRootView.swift in Sources */,
				645939BE235ABBE400A99902 /* Optional+Extension.swift in Sources */,
				646604B423798C9E00122718 /* GoToSignUpNavigator.swift in Sources */,
				646604C42379A30500122718 /* SignInViewModel.swift in Sources */,
				645939BC235ABB2000A99902 /* ErrorPresentation.swift in Sources */,
				64F44D53237D922E00A9DFB4 /* Colors.swift in Sources */,
				646604C82379A92300122718 /* UIView+Extension.swift in Sources */,
				645939B5235AB7A200A99902 /* UIViewController+ErrorPresentation.swift in Sources */,
				6402F3F223767C280044835F /* AuthRemoteApi.swift in Sources */,
				64593997235AAAA600A99902 /* SignedInViewController.swift in Sources */,
				64A210F7235AC7B600AF0502 /* LaunchViewModel.swift in Sources */,
				646604B223798B8E00122718 /* OnboardingView.swift in Sources */,
				645939C9235AC5D500A99902 /* UserSessionRepository.swift in Sources */,
				646604B023798ADD00122718 /* NavigationAction.swift in Sources */,
				6402F4132377CDBD0044835F /* NewAccount.swift in Sources */,
				6492C16F235AA4CE009BE621 /* Macros.swift in Sources */,
				6402F3FA23768DA40044835F /* UserDataStore.swift in Sources */,
				645939A4235AACFB00A99902 /* MainView.swift in Sources */,
				64A0C6B9235A9930007BEFF1 /* LaunchViewController.swift in Sources */,
				646604C62379A31A00122718 /* SignUpViewModel.swift in Sources */,
				6402F4072376A3290044835F /* FirebaseUserSessionRepository.swift in Sources */,
				64593999235AAABE00A99902 /* OnboardingViewController.swift in Sources */,
				6459399E235AAB5500A99902 /* NIblessViewController.swift in Sources */,
				6402F40A2376A5010044835F /* FirebaseAuthRemoteApi.swift in Sources */,
				ACA1EC561FF0B77100FA130D /* AppDelegate.swift in Sources */,
				6402F4102377B8370044835F /* FireStoreDataManager.swift in Sources */,
				645939B3235AB73800A99902 /* UIViewControllerContaintment.swift in Sources */,
				645939AB235AAE5900A99902 /* UserProfile.swift in Sources */,
				6402F4152377FBCE0044835F /* Date+Extension.swift in Sources */,
				64A0C6B4235A98EC007BEFF1 /* AppDependencyContainer.swift in Sources */,
				6402F4002376948E0044835F /* UserProfileCoding.swift in Sources */,
				645939AF235AB01000A99902 /* NotSignedInResponder.swift in Sources */,
				645939A0235AAB6900A99902 /* NiblessNavigationViewController.swift in Sources */,
				645939A6235AAD4C00A99902 /* MainViewModel.swift in Sources */,
				646604AD2379897700122718 /* OnboardingViewModel.swift in Sources */,
				646604BE237995ED00122718 /* SignUpViewController.swift in Sources */,
				646604BC237995DB00122718 /* SignInViewController.swift in Sources */,
				64A210F9235ACC9700AF0502 /* HasXib.swift in Sources */,
				646604C023799FC600122718 /* OnboardingDependencyContainer.swift in Sources */,
				645939B1235AB01C00A99902 /* SignedInResponder.swift in Sources */,
				6402F40D2376A9BC0044835F /* ServerDataManager.swift in Sources */,
				6402F405237695260044835F /* UserProfilePropertyListCoder.swift in Sources */,
			);
			runOnlyForDeploymentPostprocessing = 0;
		};
/* End PBXSourcesBuildPhase section */

/* Begin PBXVariantGroup section */
		ACA1EC611FF0B77100FA130D /* LaunchScreen.storyboard */ = {
			isa = PBXVariantGroup;
			children = (
				ACA1EC621FF0B77100FA130D /* Base */,
			);
			name = LaunchScreen.storyboard;
			sourceTree = "<group>";
		};
/* End PBXVariantGroup section */

/* Begin XCBuildConfiguration section */
		ACA1EC651FF0B77100FA130D /* Debug */ = {
			isa = XCBuildConfiguration;
			buildSettings = {
				ALWAYS_SEARCH_USER_PATHS = NO;
				CLANG_ANALYZER_LOCALIZABILITY_NONLOCALIZED = YES;
				CLANG_ANALYZER_NONNULL = YES;
				CLANG_ANALYZER_NUMBER_OBJECT_CONVERSION = YES_AGGRESSIVE;
				CLANG_CXX_LANGUAGE_STANDARD = "gnu++0x";
				CLANG_CXX_LIBRARY = "libc++";
				CLANG_ENABLE_MODULES = YES;
				CLANG_ENABLE_OBJC_ARC = YES;
				CLANG_WARN_BLOCK_CAPTURE_AUTORELEASING = YES;
				CLANG_WARN_BOOL_CONVERSION = YES;
				CLANG_WARN_COMMA = YES;
				CLANG_WARN_CONSTANT_CONVERSION = YES;
				CLANG_WARN_DEPRECATED_OBJC_IMPLEMENTATIONS = YES;
				CLANG_WARN_DIRECT_OBJC_ISA_USAGE = YES_ERROR;
				CLANG_WARN_DOCUMENTATION_COMMENTS = YES;
				CLANG_WARN_EMPTY_BODY = YES;
				CLANG_WARN_ENUM_CONVERSION = YES;
				CLANG_WARN_INFINITE_RECURSION = YES;
				CLANG_WARN_INT_CONVERSION = YES;
				CLANG_WARN_NON_LITERAL_NULL_CONVERSION = YES;
				CLANG_WARN_OBJC_IMPLICIT_RETAIN_SELF = YES;
				CLANG_WARN_OBJC_LITERAL_CONVERSION = YES;
				CLANG_WARN_OBJC_ROOT_CLASS = YES_ERROR;
				CLANG_WARN_RANGE_LOOP_ANALYSIS = YES;
				CLANG_WARN_STRICT_PROTOTYPES = YES;
				CLANG_WARN_SUSPICIOUS_MOVE = YES;
				CLANG_WARN_UNREACHABLE_CODE = YES;
				CLANG_WARN__DUPLICATE_METHOD_MATCH = YES;
				CODE_SIGN_IDENTITY = "";
				"CODE_SIGN_IDENTITY[sdk=iphoneos*]" = "iPhone Developer";
				COPY_PHASE_STRIP = NO;
				DEBUG_INFORMATION_FORMAT = dwarf;
				ENABLE_STRICT_OBJC_MSGSEND = YES;
				ENABLE_TESTABILITY = YES;
				GCC_C_LANGUAGE_STANDARD = gnu99;
				GCC_DYNAMIC_NO_PIC = NO;
				GCC_NO_COMMON_BLOCKS = YES;
				GCC_OPTIMIZATION_LEVEL = 0;
				GCC_PREPROCESSOR_DEFINITIONS = (
					"DEBUG=1",
					"$(inherited)",
				);
				GCC_WARN_64_TO_32_BIT_CONVERSION = YES;
				GCC_WARN_ABOUT_RETURN_TYPE = YES_ERROR;
				GCC_WARN_UNDECLARED_SELECTOR = YES;
				GCC_WARN_UNINITIALIZED_AUTOS = YES_AGGRESSIVE;
				GCC_WARN_UNUSED_FUNCTION = YES;
				GCC_WARN_UNUSED_VARIABLE = YES;
				IPHONEOS_DEPLOYMENT_TARGET = 10.3;
				MTL_ENABLE_DEBUG_INFO = YES;
				ONLY_ACTIVE_ARCH = YES;
				PROVISIONING_PROFILE = "";
				SDKROOT = iphoneos;
				SWIFT_ACTIVE_COMPILATION_CONDITIONS = DEBUG;
				SWIFT_OPTIMIZATION_LEVEL = "-Onone";
			};
			name = Debug;
		};
		ACA1EC661FF0B77100FA130D /* Release */ = {
			isa = XCBuildConfiguration;
			buildSettings = {
				ALWAYS_SEARCH_USER_PATHS = NO;
				CLANG_ANALYZER_LOCALIZABILITY_NONLOCALIZED = YES;
				CLANG_ANALYZER_NONNULL = YES;
				CLANG_ANALYZER_NUMBER_OBJECT_CONVERSION = YES_AGGRESSIVE;
				CLANG_CXX_LANGUAGE_STANDARD = "gnu++0x";
				CLANG_CXX_LIBRARY = "libc++";
				CLANG_ENABLE_MODULES = YES;
				CLANG_ENABLE_OBJC_ARC = YES;
				CLANG_WARN_BLOCK_CAPTURE_AUTORELEASING = YES;
				CLANG_WARN_BOOL_CONVERSION = YES;
				CLANG_WARN_COMMA = YES;
				CLANG_WARN_CONSTANT_CONVERSION = YES;
				CLANG_WARN_DEPRECATED_OBJC_IMPLEMENTATIONS = YES;
				CLANG_WARN_DIRECT_OBJC_ISA_USAGE = YES_ERROR;
				CLANG_WARN_DOCUMENTATION_COMMENTS = YES;
				CLANG_WARN_EMPTY_BODY = YES;
				CLANG_WARN_ENUM_CONVERSION = YES;
				CLANG_WARN_INFINITE_RECURSION = YES;
				CLANG_WARN_INT_CONVERSION = YES;
				CLANG_WARN_NON_LITERAL_NULL_CONVERSION = YES;
				CLANG_WARN_OBJC_IMPLICIT_RETAIN_SELF = YES;
				CLANG_WARN_OBJC_LITERAL_CONVERSION = YES;
				CLANG_WARN_OBJC_ROOT_CLASS = YES_ERROR;
				CLANG_WARN_RANGE_LOOP_ANALYSIS = YES;
				CLANG_WARN_STRICT_PROTOTYPES = YES;
				CLANG_WARN_SUSPICIOUS_MOVE = YES;
				CLANG_WARN_UNREACHABLE_CODE = YES;
				CLANG_WARN__DUPLICATE_METHOD_MATCH = YES;
				CODE_SIGN_IDENTITY = "";
				"CODE_SIGN_IDENTITY[sdk=iphoneos*]" = "iPhone Developer";
				COPY_PHASE_STRIP = NO;
				DEBUG_INFORMATION_FORMAT = "dwarf-with-dsym";
				ENABLE_NS_ASSERTIONS = NO;
				ENABLE_STRICT_OBJC_MSGSEND = YES;
				GCC_C_LANGUAGE_STANDARD = gnu99;
				GCC_NO_COMMON_BLOCKS = YES;
				GCC_WARN_64_TO_32_BIT_CONVERSION = YES;
				GCC_WARN_ABOUT_RETURN_TYPE = YES_ERROR;
				GCC_WARN_UNDECLARED_SELECTOR = YES;
				GCC_WARN_UNINITIALIZED_AUTOS = YES_AGGRESSIVE;
				GCC_WARN_UNUSED_FUNCTION = YES;
				GCC_WARN_UNUSED_VARIABLE = YES;
				IPHONEOS_DEPLOYMENT_TARGET = 10.3;
				MTL_ENABLE_DEBUG_INFO = NO;
				PROVISIONING_PROFILE = "";
				SDKROOT = iphoneos;
				SWIFT_OPTIMIZATION_LEVEL = "-Owholemodule";
				VALIDATE_PRODUCT = YES;
			};
			name = Release;
		};
		ACA1EC681FF0B77100FA130D /* Debug */ = {
			isa = XCBuildConfiguration;
			baseConfigurationReference = 28517AFF10DCCCB92A5871C3 /* Pods-Project_For_Binod.debug.xcconfig */;
			buildSettings = {
				ASSETCATALOG_COMPILER_APPICON_NAME = AppIcon;
				"CODE_SIGN_IDENTITY[sdk=iphoneos*]" = "iPhone Developer";
				DEVELOPMENT_TEAM = 2QZXZME53M;
				INFOPLIST_FILE = Project_For_Binod/Info.plist;
				IPHONEOS_DEPLOYMENT_TARGET = 12.4;
				LD_RUNPATH_SEARCH_PATHS = "$(inherited) @executable_path/Frameworks";
				PRODUCT_BUNDLE_IDENTIFIER = "jp.ac.jec.17cm.Project-For-Binod-dev";
				PRODUCT_NAME = HamroSahakarya_dev;
				PROVISIONING_PROFILE = "";
				PROVISIONING_PROFILE_SPECIFIER = "";
				SWIFT_ENABLE_BATCH_MODE = NO;
				SWIFT_SWIFT3_OBJC_INFERENCE = On;
				SWIFT_VERSION = 5.0;
				TARGETED_DEVICE_FAMILY = 1;
			};
			name = Debug;
		};
		ACA1EC691FF0B77100FA130D /* Release */ = {
			isa = XCBuildConfiguration;
			baseConfigurationReference = 282C09F481F798770F27FD5F /* Pods-Project_For_Binod.release.xcconfig */;
			buildSettings = {
				ASSETCATALOG_COMPILER_APPICON_NAME = AppIcon;
				"CODE_SIGN_IDENTITY[sdk=iphoneos*]" = "iPhone Developer";
				DEVELOPMENT_TEAM = 2QZXZME53M;
				INFOPLIST_FILE = Project_For_Binod/Info.plist;
				IPHONEOS_DEPLOYMENT_TARGET = 12.4;
				LD_RUNPATH_SEARCH_PATHS = "$(inherited) @executable_path/Frameworks";
				PRODUCT_BUNDLE_IDENTIFIER = "jp.ac.jec.17cm.Project-For-Binod";
				PRODUCT_NAME = HamroSahakarya;
				PROVISIONING_PROFILE_SPECIFIER = "";
				SWIFT_ENABLE_BATCH_MODE = NO;
				SWIFT_SWIFT3_OBJC_INFERENCE = On;
				SWIFT_VERSION = 5.0;
				TARGETED_DEVICE_FAMILY = 1;
			};
			name = Release;
		};
/* End XCBuildConfiguration section */

/* Begin XCConfigurationList section */
		ACA1EC4D1FF0B77000FA130D /* Build configuration list for PBXProject "Project_For_Binod" */ = {
			isa = XCConfigurationList;
			buildConfigurations = (
				ACA1EC651FF0B77100FA130D /* Debug */,
				ACA1EC661FF0B77100FA130D /* Release */,
			);
			defaultConfigurationIsVisible = 0;
			defaultConfigurationName = Release;
		};
		ACA1EC671FF0B77100FA130D /* Build configuration list for PBXNativeTarget "Project_For_Binod" */ = {
			isa = XCConfigurationList;
			buildConfigurations = (
				ACA1EC681FF0B77100FA130D /* Debug */,
				ACA1EC691FF0B77100FA130D /* Release */,
			);
			defaultConfigurationIsVisible = 0;
			defaultConfigurationName = Release;
		};
/* End XCConfigurationList section */
	};
	rootObject = ACA1EC4A1FF0B77000FA130D /* Project object */;
}
